
Microsoft Visual Studio Solution File, Format Version 12.00
# Visual Studio 15
VisualStudioVersion = 15.0.26124.0
MinimumVisualStudioVersion = 15.0.26124.0
Project("{FAE04EC0-301F-11D3-BF4B-00C04F79EFBC}") = "SimpleApp", "SimpleApp\SimpleApp.csproj", "{98712689-7AE6-4C0C-BAB8-743368A5F491}"
EndProject
Project("{FAE04EC0-301F-11D3-BF4B-00C04F79EFBC}") = "SimpleApp.Tests", "SimpleApp.Tests\SimpleApp.Tests.csproj", "{F9AF637A-0193-4305-8471-81F681D675E6}"
EndProject
Global
	GlobalSection(SolutionConfigurationPlatforms) = preSolution
		Debug|Any CPU = Debug|Any CPU
		Debug|x64 = Debug|x64
		Debug|x86 = Debug|x86
		Release|Any CPU = Release|Any CPU
		Release|x64 = Release|x64
		Release|x86 = Release|x86
	EndGlobalSection
	GlobalSection(SolutionProperties) = preSolution
		HideSolutionNode = FALSE
	EndGlobalSection
	GlobalSection(ProjectConfigurationPlatforms) = postSolution
		{98712689-7AE6-4C0C-BAB8-743368A5F491}.Debug|Any CPU.ActiveCfg = Debug|Any CPU
		{98712689-7AE6-4C0C-BAB8-743368A5F491}.Debug|Any CPU.Build.0 = Debug|Any CPU
		{98712689-7AE6-4C0C-BAB8-743368A5F491}.Debug|x64.ActiveCfg = Debug|Any CPU
		{98712689-7AE6-4C0C-BAB8-743368A5F491}.Debug|x64.Build.0 = Debug|Any CPU
		{98712689-7AE6-4C0C-BAB8-743368A5F491}.Debug|x86.ActiveCfg = Debug|Any CPU
		{98712689-7AE6-4C0C-BAB8-743368A5F491}.Debug|x86.Build.0 = Debug|Any CPU
		{98712689-7AE6-4C0C-BAB8-743368A5F491}.Release|Any CPU.ActiveCfg = Release|Any CPU
		{98712689-7AE6-4C0C-BAB8-743368A5F491}.Release|Any CPU.Build.0 = Release|Any CPU
		{98712689-7AE6-4C0C-BAB8-743368A5F491}.Release|x64.ActiveCfg = Release|Any CPU
		{98712689-7AE6-4C0C-BAB8-743368A5F491}.Release|x64.Build.0 = Release|Any CPU
		{98712689-7AE6-4C0C-BAB8-743368A5F491}.Release|x86.ActiveCfg = Release|Any CPU
		{98712689-7AE6-4C0C-BAB8-743368A5F491}.Release|x86.Build.0 = Release|Any CPU
		{F9AF637A-0193-4305-8471-81F681D675E6}.Debug|Any CPU.ActiveCfg = Debug|Any CPU
		{F9AF637A-0193-4305-8471-81F681D675E6}.Debug|Any CPU.Build.0 = Debug|Any CPU
		{F9AF637A-0193-4305-8471-81F681D675E6}.Debug|x64.ActiveCfg = Debug|Any CPU
		{F9AF637A-0193-4305-8471-81F681D675E6}.Debug|x64.Build.0 = Debug|Any CPU
		{F9AF637A-0193-4305-8471-81F681D675E6}.Debug|x86.ActiveCfg = Debug|Any CPU
		{F9AF637A-0193-4305-8471-81F681D675E6}.Debug|x86.Build.0 = Debug|Any CPU
		{F9AF637A-0193-4305-8471-81F681D675E6}.Release|Any CPU.ActiveCfg = Release|Any CPU
		{F9AF637A-0193-4305-8471-81F681D675E6}.Release|Any CPU.Build.0 = Release|Any CPU
		{F9AF637A-0193-4305-8471-81F681D675E6}.Release|x64.ActiveCfg = Release|Any CPU
		{F9AF637A-0193-4305-8471-81F681D675E6}.Release|x64.Build.0 = Release|Any CPU
		{F9AF637A-0193-4305-8471-81F681D675E6}.Release|x86.ActiveCfg = Release|Any CPU
		{F9AF637A-0193-4305-8471-81F681D675E6}.Release|x86.Build.0 = Release|Any CPU
	EndGlobalSection
EndGlobal
